# This file is autogenerated, do not edit; changes may be undone by the next 'dep ensure'.


[[projects]]
  branch = "master"
  digest = "1:e876f64ed2a9b807f0cad5cb5227a8a11afd3da35e109d9ffb262ed6a62c5a8f"
  name = "github.com/bitrise-community/steps-ionic-archive"
  packages = ["jsdependency"]
  pruneopts = ""
  revision = "2ba6ba5479a46c69e75b10194187e2ae84ee189f"

[[projects]]
  branch = "master"
  digest = "1:6083fc4e90fe661aad326c42fa16fb85774cb55711560d1208c82ff290534836"
  name = "github.com/bitrise-io/go-utils"
  packages = [
    "colorstring",
    "command",
    "errorutil",
    "log",
    "parseutil",
    "pathutil",
    "pointers",
    "sliceutil",
    "ziputil",
  ]
  pruneopts = ""
  revision = "2a09aab8380d7842750328aebd5671bcccea89c8"

[[projects]]
  branch = "master"
  digest = "1:3511df2e558e2755b01ce5670ddc536fa031e63e5b4974bb0f35aac53704f06e"
  name = "github.com/bitrise-tools/go-steputils"
  packages = [
    "stepconf",
    "tools",
  ]
  pruneopts = ""
  revision = "ec226b2359fcd806be64f0ad2217d8e741a1ff11"

[[projects]]
  branch = "master"
  digest = "1:63e7368fcf6b54804076eaec26fd9cf0c4466166b272393db4b93102e1e962df"
  name = "github.com/kballard/go-shellquote"
  packages = ["."]
  pruneopts = ""
  revision = "95032a82bc518f77982ea72343cc1ade730072f0"

[solve-meta]
  analyzer-name = "dep"
  analyzer-version = 1
  input-imports = [
    "github.com/bitrise-community/steps-ionic-archive/jsdependency",
    "github.com/bitrise-io/go-utils/colorstring",
    "github.com/bitrise-io/go-utils/command",
    "github.com/bitrise-io/go-utils/log",
    "github.com/bitrise-io/go-utils/pathutil",
    "github.com/bitrise-io/go-utils/sliceutil",
    "github.com/bitrise-io/go-utils/ziputil",
    "github.com/bitrise-tools/go-steputils/stepconf",
    "github.com/bitrise-tools/go-steputils/tools",
    "github.com/kballard/go-shellquote",
  ]
  solver-name = "gps-cdcl"
  solver-version = 1
